
Microsoft Visual Studio Solution File, Format Version 12.00
# Visual Studio 15
VisualStudioVersion = 15.0.28010.2046
MinimumVisualStudioVersion = 10.0.40219.1
Project("{F184B08F-C81C-45F6-A57F-5ABD9991F28F}") = "Projekat_VB v1.0", "Projekat_VB v1.0\Projekat_VB v1.0.vbproj", "{334300A4-2525-456B-B6BC-F3A3D3F4E38F}"
EndProject
Global
	GlobalSection(SolutionConfigurationPlatforms) = preSolution
		Debug|Any CPU = Debug|Any CPU
		Release|Any CPU = Release|Any CPU
	EndGlobalSection
	GlobalSection(ProjectConfigurationPlatforms) = postSolution
		{334300A4-2525-456B-B6BC-F3A3D3F4E38F}.Debug|Any CPU.ActiveCfg = Debug|Any CPU
		{334300A4-2525-456B-B6BC-F3A3D3F4E38F}.Debug|Any CPU.Build.0 = Debug|Any CPU
		{334300A4-2525-456B-B6BC-F3A3D3F4E38F}.Release|Any CPU.ActiveCfg = Release|Any CPU
		{334300A4-2525-456B-B6BC-F3A3D3F4E38F}.Release|Any CPU.Build.0 = Release|Any CPU
	EndGlobalSection
	GlobalSection(SolutionProperties) = preSolution
		HideSolutionNode = FALSE
	EndGlobalSection
	GlobalSection(ExtensibilityGlobals) = postSolution
		SolutionGuid = {4AA43B31-5807-4E71-962D-92E1F2F4E5FA}
	EndGlobalSection
EndGlobal
