
Microsoft Visual Studio Solution File, Format Version 12.00
# Visual Studio 15
VisualStudioVersion = 15.0.28307.572
MinimumVisualStudioVersion = 10.0.40219.1
Project("{F184B08F-C81C-45F6-A57F-5ABD9991F28F}") = "Payment", "Payment\Payment.vbproj", "{333963D9-A4AB-4E94-869E-C80339A35EB0}"
EndProject
Global
	GlobalSection(SolutionConfigurationPlatforms) = preSolution
		Debug|Any CPU = Debug|Any CPU
		Release|Any CPU = Release|Any CPU
	EndGlobalSection
	GlobalSection(ProjectConfigurationPlatforms) = postSolution
		{333963D9-A4AB-4E94-869E-C80339A35EB0}.Debug|Any CPU.ActiveCfg = Debug|Any CPU
		{333963D9-A4AB-4E94-869E-C80339A35EB0}.Debug|Any CPU.Build.0 = Debug|Any CPU
		{333963D9-A4AB-4E94-869E-C80339A35EB0}.Release|Any CPU.ActiveCfg = Release|Any CPU
		{333963D9-A4AB-4E94-869E-C80339A35EB0}.Release|Any CPU.Build.0 = Release|Any CPU
	EndGlobalSection
	GlobalSection(SolutionProperties) = preSolution
		HideSolutionNode = FALSE
	EndGlobalSection
	GlobalSection(ExtensibilityGlobals) = postSolution
		SolutionGuid = {831C4E38-A026-448B-BA50-63787183C6D9}
	EndGlobalSection
EndGlobal
